<Solution>
  <Project Path="docker-compose.dcproj">
    <Build />
  </Project>
  <Project Path="FaqAssistant.Api/FaqAssistant.Api.csproj" />
  <Project Path="FaqAssistant.Application/FaqAssistant.Application.csproj" />
  <Project Path="FaqAssistant.Domain/FaqAssistant.Domain.csproj" />
  <Project Path="FaqAssistant.Infrastructure/FaqAssistant.Infrastructure.csproj" />
</Solution>
